{
  "name": "securex-waitlist-api",
  "version": "1.0.0",
  "lockfileVersion": 3,
  "requires": true,
  "packages": {
    "": {
      "name": "securex-waitlist-api",
      "version": "1.0.0",
      "dependencies": {
        "@dietrichgebert/ponytail": "github:dietrichgebert/ponytail"
      },
      "engines": {
        "node": ">=20"
      }
    },
    "node_modules/@dietrichgebert/ponytail": {
      "version": "4.10.3",
      "resolved": "git+ssh://git@github.com/dietrichgebert/ponytail.git#c982cd411abb53323c4baa1baa3c2f020b8d0b08",
      "license": "MIT"
    }
  }
}
